
Microsoft Visual Studio Solution File, Format Version 12.00
# Visual Studio 14
VisualStudioVersion = 14.0.24720.0
MinimumVisualStudioVersion = 10.0.40219.1
Project("{FAE04EC0-301F-11D3-BF4B-00C04F79EFBC}") = "Component.Data", "Component.Data\Component.Data.csproj", "{75AD6508-4710-4FE9-88FB-8C41637D3C10}"
EndProject
Project("{FAE04EC0-301F-11D3-BF4B-00C04F79EFBC}") = "Component.Tools", "Component.Tools\Component.Tools.csproj", "{4A4E5131-6AEE-4664-878B-505A6183CE56}"
EndProject
Project("{FAE04EC0-301F-11D3-BF4B-00C04F79EFBC}") = "OExam.App.Business", "OExam.Application.Business\OExam.App.Business.csproj", "{1B0CF492-DC0F-4A71-BED2-8D57CFECDB17}"
EndProject
Project("{FAE04EC0-301F-11D3-BF4B-00C04F79EFBC}") = "OExam.App.ViewModels", "OExam.Application.ViewModels\OExam.App.ViewModels.csproj", "{E6382351-DA0B-4F0C-AC5F-B34FDD3B7932}"
EndProject
Project("{FAE04EC0-301F-11D3-BF4B-00C04F79EFBC}") = "OExam.Core.Business", "OExam.Core.Business\OExam.Core.Business.csproj", "{5B4076C9-F6DE-4C5E-9A8F-E227EE1B9BBC}"
EndProject
Project("{FAE04EC0-301F-11D3-BF4B-00C04F79EFBC}") = "OExam.Core.Data", "OExam.Core.Data\OExam.Core.Data.csproj", "{F4C8A524-4331-486C-9B62-DCFD6438033D}"
EndProject
Project("{FAE04EC0-301F-11D3-BF4B-00C04F79EFBC}") = "OExam.Core.Models", "OExam.Core.Models\OExam.Core.Models.csproj", "{B115371F-4C4F-482D-B396-A03D4F1F2BDD}"
EndProject
Project("{FAE04EC0-301F-11D3-BF4B-00C04F79EFBC}") = "OExam.Server", "OExam.Server\OExam.Server.csproj", "{9EEE8C0D-68EA-4D0D-B688-C3896DBCB51A}"
EndProject
Project("{FAE04EC0-301F-11D3-BF4B-00C04F79EFBC}") = "OExam.Client", "OExam.Client\OExam.Client.csproj", "{58860AD9-F933-4406-B2EE-94BBBD7366A4}"
EndProject
Project("{2150E333-8FDC-42A3-9474-1A3956D46DE8}") = "1-Component(基础数据层)", "1-Component(基础数据层)", "{5197D824-9BB1-4B64-AFD4-BC297C31F54A}"
EndProject
Project("{2150E333-8FDC-42A3-9474-1A3956D46DE8}") = "2-Core(核心业务层)", "2-Core(核心业务层)", "{E1DFF55C-15CA-4F6F-B171-B146CDE55BC4}"
EndProject
Project("{2150E333-8FDC-42A3-9474-1A3956D46DE8}") = "3-Application(视图业务层)", "3-Application(视图业务层)", "{66AAE826-FA38-489A-8597-1753F7B32D6A}"
EndProject
Project("{2150E333-8FDC-42A3-9474-1A3956D46DE8}") = "4-View(展现层)", "4-View(展现层)", "{E958A3C9-3D55-4556-AAC1-C7015D5506BB}"
EndProject
Global
	GlobalSection(SolutionConfigurationPlatforms) = preSolution
		Debug|Any CPU = Debug|Any CPU
		Release|Any CPU = Release|Any CPU
	EndGlobalSection
	GlobalSection(ProjectConfigurationPlatforms) = postSolution
		{75AD6508-4710-4FE9-88FB-8C41637D3C10}.Debug|Any CPU.ActiveCfg = Debug|Any CPU
		{75AD6508-4710-4FE9-88FB-8C41637D3C10}.Debug|Any CPU.Build.0 = Debug|Any CPU
		{75AD6508-4710-4FE9-88FB-8C41637D3C10}.Release|Any CPU.ActiveCfg = Release|Any CPU
		{75AD6508-4710-4FE9-88FB-8C41637D3C10}.Release|Any CPU.Build.0 = Release|Any CPU
		{4A4E5131-6AEE-4664-878B-505A6183CE56}.Debug|Any CPU.ActiveCfg = Debug|Any CPU
		{4A4E5131-6AEE-4664-878B-505A6183CE56}.Debug|Any CPU.Build.0 = Debug|Any CPU
		{4A4E5131-6AEE-4664-878B-505A6183CE56}.Release|Any CPU.ActiveCfg = Release|Any CPU
		{4A4E5131-6AEE-4664-878B-505A6183CE56}.Release|Any CPU.Build.0 = Release|Any CPU
		{1B0CF492-DC0F-4A71-BED2-8D57CFECDB17}.Debug|Any CPU.ActiveCfg = Debug|Any CPU
		{1B0CF492-DC0F-4A71-BED2-8D57CFECDB17}.Debug|Any CPU.Build.0 = Debug|Any CPU
		{1B0CF492-DC0F-4A71-BED2-8D57CFECDB17}.Release|Any CPU.ActiveCfg = Release|Any CPU
		{1B0CF492-DC0F-4A71-BED2-8D57CFECDB17}.Release|Any CPU.Build.0 = Release|Any CPU
		{E6382351-DA0B-4F0C-AC5F-B34FDD3B7932}.Debug|Any CPU.ActiveCfg = Debug|Any CPU
		{E6382351-DA0B-4F0C-AC5F-B34FDD3B7932}.Debug|Any CPU.Build.0 = Debug|Any CPU
		{E6382351-DA0B-4F0C-AC5F-B34FDD3B7932}.Release|Any CPU.ActiveCfg = Release|Any CPU
		{E6382351-DA0B-4F0C-AC5F-B34FDD3B7932}.Release|Any CPU.Build.0 = Release|Any CPU
		{5B4076C9-F6DE-4C5E-9A8F-E227EE1B9BBC}.Debug|Any CPU.ActiveCfg = Debug|Any CPU
		{5B4076C9-F6DE-4C5E-9A8F-E227EE1B9BBC}.Debug|Any CPU.Build.0 = Debug|Any CPU
		{5B4076C9-F6DE-4C5E-9A8F-E227EE1B9BBC}.Release|Any CPU.ActiveCfg = Release|Any CPU
		{5B4076C9-F6DE-4C5E-9A8F-E227EE1B9BBC}.Release|Any CPU.Build.0 = Release|Any CPU
		{F4C8A524-4331-486C-9B62-DCFD6438033D}.Debug|Any CPU.ActiveCfg = Debug|Any CPU
		{F4C8A524-4331-486C-9B62-DCFD6438033D}.Debug|Any CPU.Build.0 = Debug|Any CPU
		{F4C8A524-4331-486C-9B62-DCFD6438033D}.Release|Any CPU.ActiveCfg = Release|Any CPU
		{F4C8A524-4331-486C-9B62-DCFD6438033D}.Release|Any CPU.Build.0 = Release|Any CPU
		{B115371F-4C4F-482D-B396-A03D4F1F2BDD}.Debug|Any CPU.ActiveCfg = Debug|Any CPU
		{B115371F-4C4F-482D-B396-A03D4F1F2BDD}.Debug|Any CPU.Build.0 = Debug|Any CPU
		{B115371F-4C4F-482D-B396-A03D4F1F2BDD}.Release|Any CPU.ActiveCfg = Release|Any CPU
		{B115371F-4C4F-482D-B396-A03D4F1F2BDD}.Release|Any CPU.Build.0 = Release|Any CPU
		{9EEE8C0D-68EA-4D0D-B688-C3896DBCB51A}.Debug|Any CPU.ActiveCfg = Debug|Any CPU
		{9EEE8C0D-68EA-4D0D-B688-C3896DBCB51A}.Debug|Any CPU.Build.0 = Debug|Any CPU
		{9EEE8C0D-68EA-4D0D-B688-C3896DBCB51A}.Release|Any CPU.ActiveCfg = Release|Any CPU
		{9EEE8C0D-68EA-4D0D-B688-C3896DBCB51A}.Release|Any CPU.Build.0 = Release|Any CPU
		{58860AD9-F933-4406-B2EE-94BBBD7366A4}.Debug|Any CPU.ActiveCfg = Debug|Any CPU
		{58860AD9-F933-4406-B2EE-94BBBD7366A4}.Debug|Any CPU.Build.0 = Debug|Any CPU
		{58860AD9-F933-4406-B2EE-94BBBD7366A4}.Release|Any CPU.ActiveCfg = Release|Any CPU
		{58860AD9-F933-4406-B2EE-94BBBD7366A4}.Release|Any CPU.Build.0 = Release|Any CPU
	EndGlobalSection
	GlobalSection(SolutionProperties) = preSolution
		HideSolutionNode = FALSE
	EndGlobalSection
	GlobalSection(NestedProjects) = preSolution
		{75AD6508-4710-4FE9-88FB-8C41637D3C10} = {5197D824-9BB1-4B64-AFD4-BC297C31F54A}
		{4A4E5131-6AEE-4664-878B-505A6183CE56} = {5197D824-9BB1-4B64-AFD4-BC297C31F54A}
		{1B0CF492-DC0F-4A71-BED2-8D57CFECDB17} = {66AAE826-FA38-489A-8597-1753F7B32D6A}
		{E6382351-DA0B-4F0C-AC5F-B34FDD3B7932} = {66AAE826-FA38-489A-8597-1753F7B32D6A}
		{5B4076C9-F6DE-4C5E-9A8F-E227EE1B9BBC} = {E1DFF55C-15CA-4F6F-B171-B146CDE55BC4}
		{F4C8A524-4331-486C-9B62-DCFD6438033D} = {E1DFF55C-15CA-4F6F-B171-B146CDE55BC4}
		{B115371F-4C4F-482D-B396-A03D4F1F2BDD} = {E1DFF55C-15CA-4F6F-B171-B146CDE55BC4}
		{9EEE8C0D-68EA-4D0D-B688-C3896DBCB51A} = {E958A3C9-3D55-4556-AAC1-C7015D5506BB}
		{58860AD9-F933-4406-B2EE-94BBBD7366A4} = {E958A3C9-3D55-4556-AAC1-C7015D5506BB}
	EndGlobalSection
EndGlobal
